
Microsoft Visual Studio Solution File, Format Version 12.00
# Visual Studio Version 17
VisualStudioVersion = 17.4.33213.308
MinimumVisualStudioVersion = 10.0.40219.1
Project("{FAE04EC0-301F-11D3-BF4B-00C04F79EFBC}") = "WPFApp_CaseManagement", "WPFApp_CaseManagement\WPFApp_CaseManagement.csproj", "{18777CFC-5716-4FB7-B49B-BD6EB8BB9A16}"
EndProject
Global
	GlobalSection(SolutionConfigurationPlatforms) = preSolution
		Debug|Any CPU = Debug|Any CPU
		Release|Any CPU = Release|Any CPU
	EndGlobalSection
	GlobalSection(ProjectConfigurationPlatforms) = postSolution
		{18777CFC-5716-4FB7-B49B-BD6EB8BB9A16}.Debug|Any CPU.ActiveCfg = Debug|Any CPU
		{18777CFC-5716-4FB7-B49B-BD6EB8BB9A16}.Debug|Any CPU.Build.0 = Debug|Any CPU
		{18777CFC-5716-4FB7-B49B-BD6EB8BB9A16}.Release|Any CPU.ActiveCfg = Release|Any CPU
		{18777CFC-5716-4FB7-B49B-BD6EB8BB9A16}.Release|Any CPU.Build.0 = Release|Any CPU
	EndGlobalSection
	GlobalSection(SolutionProperties) = preSolution
		HideSolutionNode = FALSE
	EndGlobalSection
	GlobalSection(ExtensibilityGlobals) = postSolution
		SolutionGuid = {C9857150-68C0-46E0-A7EB-AE3F9781D8A6}
	EndGlobalSection
EndGlobal
